// !$*UTF8*$!
{
	archiveVersion = 1;
	classes = {
	};
	objectVersion = 50;
	objects = {

/* Begin PBXBuildFile section */
		5278A41F20FC413E00177B0C /* KeyPickerTableViewController.swift in Sources */ = {isa = PBXBuildFile; fileRef = 5278A41E20FC413E00177B0C /* KeyPickerTableViewController.swift */; };
		765ED5D420D1CFB7007ACCA5 /* Music.swift in Sources */ = {isa = PBXBuildFile; fileRef = 765ED5D020D1CFB7007ACCA5 /* Music.swift */; };
		765ED5D520D1CFB7007ACCA5 /* Music.swift in Sources */ = {isa = PBXBuildFile; fileRef = 765ED5D020D1CFB7007ACCA5 /* Music.swift */; };
		765ED5D620D1CFB7007ACCA5 /* Music.swift in Sources */ = {isa = PBXBuildFile; fileRef = 765ED5D020D1CFB7007ACCA5 /* Music.swift */; };
		765ED5D720D1CFB7007ACCA5 /* Note.swift in Sources */ = {isa = PBXBuildFile; fileRef = 765ED5D120D1CFB7007ACCA5 /* Note.swift */; };
		765ED5D820D1CFB7007ACCA5 /* Note.swift in Sources */ = {isa = PBXBuildFile; fileRef = 765ED5D120D1CFB7007ACCA5 /* Note.swift */; };
		765ED5D920D1CFB7007ACCA5 /* Note.swift in Sources */ = {isa = PBXBuildFile; fileRef = 765ED5D120D1CFB7007ACCA5 /* Note.swift */; };
		765ED5DA20D1CFB7007ACCA5 /* Key.swift in Sources */ = {isa = PBXBuildFile; fileRef = 765ED5D220D1CFB7007ACCA5 /* Key.swift */; };
		765ED5DB20D1CFB7007ACCA5 /* Key.swift in Sources */ = {isa = PBXBuildFile; fileRef = 765ED5D220D1CFB7007ACCA5 /* Key.swift */; };
		765ED5DC20D1CFB7007ACCA5 /* Key.swift in Sources */ = {isa = PBXBuildFile; fileRef = 765ED5D220D1CFB7007ACCA5 /* Key.swift */; };
		765ED5DD20D1CFB7007ACCA5 /* Test and Old Stuff.swift in Sources */ = {isa = PBXBuildFile; fileRef = 765ED5D320D1CFB7007ACCA5 /* Test and Old Stuff.swift */; };
		765ED62720D1D165007ACCA5 /* Default-568h@2x.png in Resources */ = {isa = PBXBuildFile; fileRef = 765ED62620D1D165007ACCA5 /* Default-568h@2x.png */; };
		765ED62920D43764007ACCA5 /* Chord.swift in Sources */ = {isa = PBXBuildFile; fileRef = 765ED62820D43764007ACCA5 /* Chord.swift */; };
		765ED62A20D43764007ACCA5 /* Chord.swift in Sources */ = {isa = PBXBuildFile; fileRef = 765ED62820D43764007ACCA5 /* Chord.swift */; };
		765ED62B20D43764007ACCA5 /* Chord.swift in Sources */ = {isa = PBXBuildFile; fileRef = 765ED62820D43764007ACCA5 /* Chord.swift */; };
		766BBA6B20F29E27001566B1 /* LargeStringTranspoTests.swift in Sources */ = {isa = PBXBuildFile; fileRef = 766BBA6A20F29E27001566B1 /* LargeStringTranspoTests.swift */; };
		767820F520D6DA3E00EB678B /* TransposeTableViewController.swift in Sources */ = {isa = PBXBuildFile; fileRef = 767820F420D6DA3E00EB678B /* TransposeTableViewController.swift */; };
		768DE25920FE3BD700A71097 /* BigStringTests.swift in Sources */ = {isa = PBXBuildFile; fileRef = 768DE25820FE3BD700A71097 /* BigStringTests.swift */; };
		76A8178920FD885100BD1EF1 /* PickerUnitTests.swift in Sources */ = {isa = PBXBuildFile; fileRef = 76A8178820FD885100BD1EF1 /* PickerUnitTests.swift */; };
		76B861F020F139E3004EED26 /* Song.swift in Sources */ = {isa = PBXBuildFile; fileRef = 76B861EF20F139E3004EED26 /* Song.swift */; };
		76B861F220F13A31004EED26 /* MusicText.swift in Sources */ = {isa = PBXBuildFile; fileRef = 76B861F120F13A31004EED26 /* MusicText.swift */; };
		76B8D23620D1CE250074E71E /* AppDelegate.swift in Sources */ = {isa = PBXBuildFile; fileRef = 76B8D23520D1CE250074E71E /* AppDelegate.swift */; };
		76B8D23820D1CE250074E71E /* ViewController.swift in Sources */ = {isa = PBXBuildFile; fileRef = 76B8D23720D1CE250074E71E /* ViewController.swift */; };
		76B8D23B20D1CE250074E71E /* Main.storyboard in Resources */ = {isa = PBXBuildFile; fileRef = 76B8D23920D1CE250074E71E /* Main.storyboard */; };
		76B8D23D20D1CE260074E71E /* Assets.xcassets in Resources */ = {isa = PBXBuildFile; fileRef = 76B8D23C20D1CE260074E71E /* Assets.xcassets */; };
		76B8D24020D1CE260074E71E /* LaunchScreen.storyboard in Resources */ = {isa = PBXBuildFile; fileRef = 76B8D23E20D1CE260074E71E /* LaunchScreen.storyboard */; };
		76B8D24B20D1CE260074E71E /* TransposerTests.swift in Sources */ = {isa = PBXBuildFile; fileRef = 76B8D24A20D1CE260074E71E /* TransposerTests.swift */; };
		76B8D25620D1CE260074E71E /* TransposerUITests.swift in Sources */ = {isa = PBXBuildFile; fileRef = 76B8D25520D1CE260074E71E /* TransposerUITests.swift */; };
		76BB9A6D20D6D2E400E53CE8 /* StringTranspositionTests.swift in Sources */ = {isa = PBXBuildFile; fileRef = 76BB9A6C20D6D2E400E53CE8 /* StringTranspositionTests.swift */; };
		76BB9A6F20D6D41E00E53CE8 /* String Transposition Extensions.swift in Sources */ = {isa = PBXBuildFile; fileRef = 76BB9A6E20D6D41E00E53CE8 /* String Transposition Extensions.swift */; };
		76EA74AC20F817F200CD774B /* MusicFramework.framework in Frameworks */ = {isa = PBXBuildFile; fileRef = 76EA74A320F817F200CD774B /* MusicFramework.framework */; };
		76EA74B120F817F200CD774B /* MusicFrameworkTests.swift in Sources */ = {isa = PBXBuildFile; fileRef = 76EA74B020F817F200CD774B /* MusicFrameworkTests.swift */; };
		76EA74B320F817F200CD774B /* MusicFramework.h in Headers */ = {isa = PBXBuildFile; fileRef = 76EA74A520F817F200CD774B /* MusicFramework.h */; settings = {ATTRIBUTES = (Public, ); }; };
		76EA74BA20F8184900CD774B /* Music.swift in Sources */ = {isa = PBXBuildFile; fileRef = 765ED5D020D1CFB7007ACCA5 /* Music.swift */; };
		76EA74BB20F8184900CD774B /* MusicText.swift in Sources */ = {isa = PBXBuildFile; fileRef = 76B861F120F13A31004EED26 /* MusicText.swift */; };
		76EA74BC20F8184900CD774B /* Note.swift in Sources */ = {isa = PBXBuildFile; fileRef = 765ED5D120D1CFB7007ACCA5 /* Note.swift */; };
		76EA74BD20F8184900CD774B /* Key.swift in Sources */ = {isa = PBXBuildFile; fileRef = 765ED5D220D1CFB7007ACCA5 /* Key.swift */; };
		76EA74BE20F8184900CD774B /* Chord.swift in Sources */ = {isa = PBXBuildFile; fileRef = 765ED62820D43764007ACCA5 /* Chord.swift */; };
		76EA74BF20F8184900CD774B /* String Transposition Extensions.swift in Sources */ = {isa = PBXBuildFile; fileRef = 76BB9A6E20D6D41E00E53CE8 /* String Transposition Extensions.swift */; };
		76EA74C020F8184900CD774B /* Song.swift in Sources */ = {isa = PBXBuildFile; fileRef = 76B861EF20F139E3004EED26 /* Song.swift */; };
		76EA74C220F8240200CD774B /* Subcomponents tests.swift in Sources */ = {isa = PBXBuildFile; fileRef = 76EA74C120F8240200CD774B /* Subcomponents tests.swift */; };
		76EA74C420F8E22D00CD774B /* KeyPickerScreenUITests.swift in Sources */ = {isa = PBXBuildFile; fileRef = 76EA74C320F8E22D00CD774B /* KeyPickerScreenUITests.swift */; };
		76EA74C720F8E2FB00CD774B /* KeyPickerViewController.swift in Sources */ = {isa = PBXBuildFile; fileRef = 76EA74C620F8E2FB00CD774B /* KeyPickerViewController.swift */; };
		76EA74C920F8E61F00CD774B /* UIButton Border Extension.swift in Sources */ = {isa = PBXBuildFile; fileRef = 76EA74C820F8E61F00CD774B /* UIButton Border Extension.swift */; };
		76EA74CC20F9670E00CD774B /* KeyButton.swift in Sources */ = {isa = PBXBuildFile; fileRef = 76EA74CB20F9670E00CD774B /* KeyButton.swift */; };
/* End PBXBuildFile section */

/* Begin PBXContainerItemProxy section */
		76B8D24720D1CE260074E71E /* PBXContainerItemProxy */ = {
			isa = PBXContainerItemProxy;
			containerPortal = 76B8D22A20D1CE250074E71E /* Project object */;
			proxyType = 1;
			remoteGlobalIDString = 76B8D23120D1CE250074E71E;
			remoteInfo = Transposer;
		};
		76B8D25220D1CE260074E71E /* PBXContainerItemProxy */ = {
			isa = PBXContainerItemProxy;
			containerPortal = 76B8D22A20D1CE250074E71E /* Project object */;
			proxyType = 1;
			remoteGlobalIDString = 76B8D23120D1CE250074E71E;
			remoteInfo = Transposer;
		};
		76EA74AD20F817F200CD774B /* PBXContainerItemProxy */ = {
			isa = PBXContainerItemProxy;
			containerPortal = 76B8D22A20D1CE250074E71E /* Project object */;
			proxyType = 1;
			remoteGlobalIDString = 76EA74A220F817F200CD774B;
			remoteInfo = MusicFramework;
		};
/* End PBXContainerItemProxy section */

/* Begin PBXFileReference section */
		5278A41E20FC413E00177B0C /* KeyPickerTableViewController.swift */ = {isa = PBXFileReference; lastKnownFileType = sourcecode.swift; path = KeyPickerTableViewController.swift; sourceTree = "<group>"; };
		765ED5D020D1CFB7007ACCA5 /* Music.swift */ = {isa = PBXFileReference; fileEncoding = 4; lastKnownFileType = sourcecode.swift; path = Music.swift; sourceTree = "<group>"; };
		765ED5D120D1CFB7007ACCA5 /* Note.swift */ = {isa = PBXFileReference; fileEncoding = 4; lastKnownFileType = sourcecode.swift; path = Note.swift; sourceTree = "<group>"; };
		765ED5D220D1CFB7007ACCA5 /* Key.swift */ = {isa = PBXFileReference; fileEncoding = 4; lastKnownFileType = sourcecode.swift; path = Key.swift; sourceTree = "<group>"; };
		765ED5D320D1CFB7007ACCA5 /* Test and Old Stuff.swift */ = {isa = PBXFileReference; fileEncoding = 4; lastKnownFileType = sourcecode.swift; path = "Test and Old Stuff.swift"; sourceTree = "<group>"; };
		765ED62620D1D165007ACCA5 /* Default-568h@2x.png */ = {isa = PBXFileReference; lastKnownFileType = image.png; path = "Default-568h@2x.png"; sourceTree = "<group>"; };
		765ED62820D43764007ACCA5 /* Chord.swift */ = {isa = PBXFileReference; lastKnownFileType = sourcecode.swift; path = Chord.swift; sourceTree = "<group>"; };
		766BBA6A20F29E27001566B1 /* LargeStringTranspoTests.swift */ = {isa = PBXFileReference; lastKnownFileType = sourcecode.swift; path = LargeStringTranspoTests.swift; sourceTree = "<group>"; };
		767820F420D6DA3E00EB678B /* TransposeTableViewController.swift */ = {isa = PBXFileReference; lastKnownFileType = sourcecode.swift; path = TransposeTableViewController.swift; sourceTree = "<group>"; };
		768DE25820FE3BD700A71097 /* BigStringTests.swift */ = {isa = PBXFileReference; lastKnownFileType = sourcecode.swift; path = BigStringTests.swift; sourceTree = "<group>"; };
		76A8178820FD885100BD1EF1 /* PickerUnitTests.swift */ = {isa = PBXFileReference; lastKnownFileType = sourcecode.swift; path = PickerUnitTests.swift; sourceTree = "<group>"; };
		76B861EF20F139E3004EED26 /* Song.swift */ = {isa = PBXFileReference; lastKnownFileType = sourcecode.swift; path = Song.swift; sourceTree = "<group>"; };
		76B861F120F13A31004EED26 /* MusicText.swift */ = {isa = PBXFileReference; lastKnownFileType = sourcecode.swift; path = MusicText.swift; sourceTree = "<group>"; };
		76B8D23220D1CE250074E71E /* Transposer.app */ = {isa = PBXFileReference; explicitFileType = wrapper.application; includeInIndex = 0; path = Transposer.app; sourceTree = BUILT_PRODUCTS_DIR; };
		76B8D23520D1CE250074E71E /* AppDelegate.swift */ = {isa = PBXFileReference; lastKnownFileType = sourcecode.swift; path = AppDelegate.swift; sourceTree = "<group>"; };
		76B8D23720D1CE250074E71E /* ViewController.swift */ = {isa = PBXFileReference; lastKnownFileType = sourcecode.swift; path = ViewController.swift; sourceTree = "<group>"; };
		76B8D23A20D1CE250074E71E /* Base */ = {isa = PBXFileReference; lastKnownFileType = file.storyboard; name = Base; path = Base.lproj/Main.storyboard; sourceTree = "<group>"; };
		76B8D23C20D1CE260074E71E /* Assets.xcassets */ = {isa = PBXFileReference; lastKnownFileType = folder.assetcatalog; path = Assets.xcassets; sourceTree = "<group>"; };
		76B8D23F20D1CE260074E71E /* Base */ = {isa = PBXFileReference; lastKnownFileType = file.storyboard; name = Base; path = Base.lproj/LaunchScreen.storyboard; sourceTree = "<group>"; };
		76B8D24120D1CE260074E71E /* Info.plist */ = {isa = PBXFileReference; lastKnownFileType = text.plist.xml; path = Info.plist; sourceTree = "<group>"; };
		76B8D24620D1CE260074E71E /* TransposerTests.xctest */ = {isa = PBXFileReference; explicitFileType = wrapper.cfbundle; includeInIndex = 0; path = TransposerTests.xctest; sourceTree = BUILT_PRODUCTS_DIR; };
		76B8D24A20D1CE260074E71E /* TransposerTests.swift */ = {isa = PBXFileReference; lastKnownFileType = sourcecode.swift; path = TransposerTests.swift; sourceTree = "<group>"; };
		76B8D24C20D1CE260074E71E /* Info.plist */ = {isa = PBXFileReference; lastKnownFileType = text.plist.xml; path = Info.plist; sourceTree = "<group>"; };
		76B8D25120D1CE260074E71E /* TransposerUITests.xctest */ = {isa = PBXFileReference; explicitFileType = wrapper.cfbundle; includeInIndex = 0; path = TransposerUITests.xctest; sourceTree = BUILT_PRODUCTS_DIR; };
		76B8D25520D1CE260074E71E /* TransposerUITests.swift */ = {isa = PBXFileReference; lastKnownFileType = sourcecode.swift; path = TransposerUITests.swift; sourceTree = "<group>"; };
		76B8D25720D1CE260074E71E /* Info.plist */ = {isa = PBXFileReference; lastKnownFileType = text.plist.xml; path = Info.plist; sourceTree = "<group>"; };
		76BB9A6C20D6D2E400E53CE8 /* StringTranspositionTests.swift */ = {isa = PBXFileReference; lastKnownFileType = sourcecode.swift; path = StringTranspositionTests.swift; sourceTree = "<group>"; };
		76BB9A6E20D6D41E00E53CE8 /* String Transposition Extensions.swift */ = {isa = PBXFileReference; lastKnownFileType = sourcecode.swift; path = "String Transposition Extensions.swift"; sourceTree = "<group>"; };
		76EA74A320F817F200CD774B /* MusicFramework.framework */ = {isa = PBXFileReference; explicitFileType = wrapper.framework; includeInIndex = 0; path = MusicFramework.framework; sourceTree = BUILT_PRODUCTS_DIR; };
		76EA74A520F817F200CD774B /* MusicFramework.h */ = {isa = PBXFileReference; lastKnownFileType = sourcecode.c.h; path = MusicFramework.h; sourceTree = "<group>"; };
		76EA74A620F817F200CD774B /* Info.plist */ = {isa = PBXFileReference; lastKnownFileType = text.plist.xml; path = Info.plist; sourceTree = "<group>"; };
		76EA74AB20F817F200CD774B /* MusicFrameworkTests.xctest */ = {isa = PBXFileReference; explicitFileType = wrapper.cfbundle; includeInIndex = 0; path = MusicFrameworkTests.xctest; sourceTree = BUILT_PRODUCTS_DIR; };
		76EA74B020F817F200CD774B /* MusicFrameworkTests.swift */ = {isa = PBXFileReference; lastKnownFileType = sourcecode.swift; path = MusicFrameworkTests.swift; sourceTree = "<group>"; };
		76EA74B220F817F200CD774B /* Info.plist */ = {isa = PBXFileReference; lastKnownFileType = text.plist.xml; path = Info.plist; sourceTree = "<group>"; };
		76EA74C120F8240200CD774B /* Subcomponents tests.swift */ = {isa = PBXFileReference; lastKnownFileType = sourcecode.swift; path = "Subcomponents tests.swift"; sourceTree = "<group>"; };
		76EA74C320F8E22D00CD774B /* KeyPickerScreenUITests.swift */ = {isa = PBXFileReference; lastKnownFileType = sourcecode.swift; path = KeyPickerScreenUITests.swift; sourceTree = "<group>"; };
		76EA74C620F8E2FB00CD774B /* KeyPickerViewController.swift */ = {isa = PBXFileReference; lastKnownFileType = sourcecode.swift; path = KeyPickerViewController.swift; sourceTree = "<group>"; };
		76EA74C820F8E61F00CD774B /* UIButton Border Extension.swift */ = {isa = PBXFileReference; lastKnownFileType = sourcecode.swift; path = "UIButton Border Extension.swift"; sourceTree = "<group>"; };
		76EA74CB20F9670E00CD774B /* KeyButton.swift */ = {isa = PBXFileReference; lastKnownFileType = sourcecode.swift; path = KeyButton.swift; sourceTree = "<group>"; };
/* End PBXFileReference section */

/* Begin PBXFrameworksBuildPhase section */
		76B8D22F20D1CE250074E71E /* Frameworks */ = {
			isa = PBXFrameworksBuildPhase;
			buildActionMask = 2147483647;
			files = (
			);
			runOnlyForDeploymentPostprocessing = 0;
		};
		76B8D24320D1CE260074E71E /* Frameworks */ = {
			isa = PBXFrameworksBuildPhase;
			buildActionMask = 2147483647;
			files = (
			);
			runOnlyForDeploymentPostprocessing = 0;
		};
		76B8D24E20D1CE260074E71E /* Frameworks */ = {
			isa = PBXFrameworksBuildPhase;
			buildActionMask = 2147483647;
			files = (
			);
			runOnlyForDeploymentPostprocessing = 0;
		};
		76EA749F20F817F200CD774B /* Frameworks */ = {
			isa = PBXFrameworksBuildPhase;
			buildActionMask = 2147483647;
			files = (
			);
			runOnlyForDeploymentPostprocessing = 0;
		};
		76EA74A820F817F200CD774B /* Frameworks */ = {
			isa = PBXFrameworksBuildPhase;
			buildActionMask = 2147483647;
			files = (
				76EA74AC20F817F200CD774B /* MusicFramework.framework in Frameworks */,
			);
			runOnlyForDeploymentPostprocessing = 0;
		};
/* End PBXFrameworksBuildPhase section */

/* Begin PBXGroup section */
		765ED5CE20D1CF77007ACCA5 /* Original and Old Files */ = {
			isa = PBXGroup;
			children = (
				765ED5D320D1CFB7007ACCA5 /* Test and Old Stuff.swift */,
				76B8D23520D1CE250074E71E /* AppDelegate.swift */,
				76B8D23720D1CE250074E71E /* ViewController.swift */,
				76B8D23C20D1CE260074E71E /* Assets.xcassets */,
				76B8D23E20D1CE260074E71E /* LaunchScreen.storyboard */,
			);
			path = "Original and Old Files";
			sourceTree = "<group>";
		};
		765ED5CF20D1CFB7007ACCA5 /* Music Model */ = {
			isa = PBXGroup;
			children = (
				765ED5D020D1CFB7007ACCA5 /* Music.swift */,
				76B861F120F13A31004EED26 /* MusicText.swift */,
				765ED5D120D1CFB7007ACCA5 /* Note.swift */,
				765ED5D220D1CFB7007ACCA5 /* Key.swift */,
				765ED62820D43764007ACCA5 /* Chord.swift */,
				76BB9A6E20D6D41E00E53CE8 /* String Transposition Extensions.swift */,
				76B861EF20F139E3004EED26 /* Song.swift */,
			);
			path = "Music Model";
			sourceTree = "<group>";
		};
		768DE25720FE3BB600A71097 /* FullSongTests */ = {
			isa = PBXGroup;
			children = (
				768DE25820FE3BD700A71097 /* BigStringTests.swift */,
			);
			path = FullSongTests;
			sourceTree = "<group>";
		};
		76B8D22920D1CE250074E71E = {
			isa = PBXGroup;
			children = (
				76B8D23420D1CE250074E71E /* Transposer */,
				76B8D24920D1CE260074E71E /* TransposerTests */,
				76B8D25420D1CE260074E71E /* TransposerUITests */,
				76EA74A420F817F200CD774B /* MusicFramework */,
				76EA74AF20F817F200CD774B /* MusicFrameworkTests */,
				76B8D23320D1CE250074E71E /* Products */,
				765ED62620D1D165007ACCA5 /* Default-568h@2x.png */,
				76B8D24120D1CE260074E71E /* Info.plist */,
			);
			sourceTree = "<group>";
		};
		76B8D23320D1CE250074E71E /* Products */ = {
			isa = PBXGroup;
			children = (
				76B8D23220D1CE250074E71E /* Transposer.app */,
				76B8D24620D1CE260074E71E /* TransposerTests.xctest */,
				76B8D25120D1CE260074E71E /* TransposerUITests.xctest */,
				76EA74A320F817F200CD774B /* MusicFramework.framework */,
				76EA74AB20F817F200CD774B /* MusicFrameworkTests.xctest */,
			);
			name = Products;
			sourceTree = "<group>";
		};
		76B8D23420D1CE250074E71E /* Transposer */ = {
			isa = PBXGroup;
			children = (
				76B8D23920D1CE250074E71E /* Main.storyboard */,
				76EA74CA20F8E62500CD774B /* UI Extensions and Elements */,
				76EA74C520F8E2DE00CD774B /* View Controllers */,
				765ED5CF20D1CFB7007ACCA5 /* Music Model */,
				765ED5CE20D1CF77007ACCA5 /* Original and Old Files */,
			);
			path = Transposer;
			sourceTree = "<group>";
		};
		76B8D24920D1CE260074E71E /* TransposerTests */ = {
			isa = PBXGroup;
			children = (
				768DE25720FE3BB600A71097 /* FullSongTests */,
				76B8D24A20D1CE260074E71E /* TransposerTests.swift */,
				76BB9A6C20D6D2E400E53CE8 /* StringTranspositionTests.swift */,
				766BBA6A20F29E27001566B1 /* LargeStringTranspoTests.swift */,
				76EA74C120F8240200CD774B /* Subcomponents tests.swift */,
				76B8D24C20D1CE260074E71E /* Info.plist */,
				76A8178820FD885100BD1EF1 /* PickerUnitTests.swift */,
			);
			path = TransposerTests;
			sourceTree = "<group>";
		};
		76B8D25420D1CE260074E71E /* TransposerUITests */ = {
			isa = PBXGroup;
			children = (
				76B8D25520D1CE260074E71E /* TransposerUITests.swift */,
				76EA74C320F8E22D00CD774B /* KeyPickerScreenUITests.swift */,
				76B8D25720D1CE260074E71E /* Info.plist */,
			);
			path = TransposerUITests;
			sourceTree = "<group>";
		};
		76EA74A420F817F200CD774B /* MusicFramework */ = {
			isa = PBXGroup;
			children = (
				76EA74A520F817F200CD774B /* MusicFramework.h */,
				76EA74A620F817F200CD774B /* Info.plist */,
			);
			path = MusicFramework;
			sourceTree = "<group>";
		};
		76EA74AF20F817F200CD774B /* MusicFrameworkTests */ = {
			isa = PBXGroup;
			children = (
				76EA74B020F817F200CD774B /* MusicFrameworkTests.swift */,
				76EA74B220F817F200CD774B /* Info.plist */,
			);
			path = MusicFrameworkTests;
			sourceTree = "<group>";
		};
		76EA74C520F8E2DE00CD774B /* View Controllers */ = {
			isa = PBXGroup;
			children = (
				767820F420D6DA3E00EB678B /* TransposeTableViewController.swift */,
				76EA74C620F8E2FB00CD774B /* KeyPickerViewController.swift */,
				5278A41E20FC413E00177B0C /* KeyPickerTableViewController.swift */,
			);
			path = "View Controllers";
			sourceTree = "<group>";
		};
		76EA74CA20F8E62500CD774B /* UI Extensions and Elements */ = {
			isa = PBXGroup;
			children = (
				76EA74C820F8E61F00CD774B /* UIButton Border Extension.swift */,
				76EA74CB20F9670E00CD774B /* KeyButton.swift */,
			);
			path = "UI Extensions and Elements";
			sourceTree = "<group>";
		};
/* End PBXGroup section */

/* Begin PBXHeadersBuildPhase section */
		76EA74A020F817F200CD774B /* Headers */ = {
			isa = PBXHeadersBuildPhase;
			buildActionMask = 2147483647;
			files = (
				76EA74B320F817F200CD774B /* MusicFramework.h in Headers */,
			);
			runOnlyForDeploymentPostprocessing = 0;
		};
/* End PBXHeadersBuildPhase section */

/* Begin PBXNativeTarget section */
		76B8D23120D1CE250074E71E /* Transposer */ = {
			isa = PBXNativeTarget;
			buildConfigurationList = 76B8D25A20D1CE260074E71E /* Build configuration list for PBXNativeTarget "Transposer" */;
			buildPhases = (
				76B8D22E20D1CE250074E71E /* Sources */,
				76B8D22F20D1CE250074E71E /* Frameworks */,
				76B8D23020D1CE250074E71E /* Resources */,
			);
			buildRules = (
			);
			dependencies = (
			);
			name = Transposer;
			productName = Transposer;
			productReference = 76B8D23220D1CE250074E71E /* Transposer.app */;
			productType = "com.apple.product-type.application";
		};
		76B8D24520D1CE260074E71E /* TransposerTests */ = {
			isa = PBXNativeTarget;
			buildConfigurationList = 76B8D25D20D1CE260074E71E /* Build configuration list for PBXNativeTarget "TransposerTests" */;
			buildPhases = (
				76B8D24220D1CE260074E71E /* Sources */,
				76B8D24320D1CE260074E71E /* Frameworks */,
				76B8D24420D1CE260074E71E /* Resources */,
			);
			buildRules = (
			);
			dependencies = (
				76B8D24820D1CE260074E71E /* PBXTargetDependency */,
			);
			name = TransposerTests;
			productName = TransposerTests;
			productReference = 76B8D24620D1CE260074E71E /* TransposerTests.xctest */;
			productType = "com.apple.product-type.bundle.unit-test";
		};
		76B8D25020D1CE260074E71E /* TransposerUITests */ = {
			isa = PBXNativeTarget;
			buildConfigurationList = 76B8D26020D1CE260074E71E /* Build configuration list for PBXNativeTarget "TransposerUITests" */;
			buildPhases = (
				76B8D24D20D1CE260074E71E /* Sources */,
				76B8D24E20D1CE260074E71E /* Frameworks */,
				76B8D24F20D1CE260074E71E /* Resources */,
			);
			buildRules = (
			);
			dependencies = (
				76B8D25320D1CE260074E71E /* PBXTargetDependency */,
			);
			name = TransposerUITests;
			productName = TransposerUITests;
			productReference = 76B8D25120D1CE260074E71E /* TransposerUITests.xctest */;
			productType = "com.apple.product-type.bundle.ui-testing";
		};
		76EA74A220F817F200CD774B /* MusicFramework */ = {
			isa = PBXNativeTarget;
			buildConfigurationList = 76EA74B420F817F200CD774B /* Build configuration list for PBXNativeTarget "MusicFramework" */;
			buildPhases = (
				76EA749E20F817F200CD774B /* Sources */,
				76EA749F20F817F200CD774B /* Frameworks */,
				76EA74A020F817F200CD774B /* Headers */,
				76EA74A120F817F200CD774B /* Resources */,
			);
			buildRules = (
			);
			dependencies = (
			);
			name = MusicFramework;
			productName = MusicFramework;
			productReference = 76EA74A320F817F200CD774B /* MusicFramework.framework */;
			productType = "com.apple.product-type.framework";
		};
		76EA74AA20F817F200CD774B /* MusicFrameworkTests */ = {
			isa = PBXNativeTarget;
			buildConfigurationList = 76EA74B720F817F200CD774B /* Build configuration list for PBXNativeTarget "MusicFrameworkTests" */;
			buildPhases = (
				76EA74A720F817F200CD774B /* Sources */,
				76EA74A820F817F200CD774B /* Frameworks */,
				76EA74A920F817F200CD774B /* Resources */,
			);
			buildRules = (
			);
			dependencies = (
				76EA74AE20F817F200CD774B /* PBXTargetDependency */,
			);
			name = MusicFrameworkTests;
			productName = MusicFrameworkTests;
			productReference = 76EA74AB20F817F200CD774B /* MusicFrameworkTests.xctest */;
			productType = "com.apple.product-type.bundle.unit-test";
		};
/* End PBXNativeTarget section */

/* Begin PBXProject section */
		76B8D22A20D1CE250074E71E /* Project object */ = {
			isa = PBXProject;
			attributes = {
				LastSwiftUpdateCheck = 0940;
				LastUpgradeCheck = 0940;
				ORGANIZATIONNAME = "Jonathan Tuzman";
				TargetAttributes = {
					76B8D23120D1CE250074E71E = {
						CreatedOnToolsVersion = 9.4;
					};
					76B8D24520D1CE260074E71E = {
						CreatedOnToolsVersion = 9.4;
						TestTargetID = 76B8D23120D1CE250074E71E;
					};
					76B8D25020D1CE260074E71E = {
						CreatedOnToolsVersion = 9.4;
						TestTargetID = 76B8D23120D1CE250074E71E;
					};
					76EA74A220F817F200CD774B = {
						CreatedOnToolsVersion = 9.4.1;
					};
					76EA74AA20F817F200CD774B = {
						CreatedOnToolsVersion = 9.4.1;
					};
				};
			};
			buildConfigurationList = 76B8D22D20D1CE250074E71E /* Build configuration list for PBXProject "Transposer" */;
			compatibilityVersion = "Xcode 9.3";
			developmentRegion = en;
			hasScannedForEncodings = 0;
			knownRegions = (
				en,
				Base,
			);
			mainGroup = 76B8D22920D1CE250074E71E;
			productRefGroup = 76B8D23320D1CE250074E71E /* Products */;
			projectDirPath = "";
			projectRoot = "";
			targets = (
				76B8D23120D1CE250074E71E /* Transposer */,
				76B8D24520D1CE260074E71E /* TransposerTests */,
				76B8D25020D1CE260074E71E /* TransposerUITests */,
				76EA74A220F817F200CD774B /* MusicFramework */,
				76EA74AA20F817F200CD774B /* MusicFrameworkTests */,
			);
		};
/* End PBXProject section */

/* Begin PBXResourcesBuildPhase section */
		76B8D23020D1CE250074E71E /* Resources */ = {
			isa = PBXResourcesBuildPhase;
			buildActionMask = 2147483647;
			files = (
				76B8D24020D1CE260074E71E /* LaunchScreen.storyboard in Resources */,
				765ED62720D1D165007ACCA5 /* Default-568h@2x.png in Resources */,
				76B8D23D20D1CE260074E71E /* Assets.xcassets in Resources */,
				76B8D23B20D1CE250074E71E /* Main.storyboard in Resources */,
			);
			runOnlyForDeploymentPostprocessing = 0;
		};
		76B8D24420D1CE260074E71E /* Resources */ = {
			isa = PBXResourcesBuildPhase;
			buildActionMask = 2147483647;
			files = (
			);
			runOnlyForDeploymentPostprocessing = 0;
		};
		76B8D24F20D1CE260074E71E /* Resources */ = {
			isa = PBXResourcesBuildPhase;
			buildActionMask = 2147483647;
			files = (
			);
			runOnlyForDeploymentPostprocessing = 0;
		};
		76EA74A120F817F200CD774B /* Resources */ = {
			isa = PBXResourcesBuildPhase;
			buildActionMask = 2147483647;
			files = (
			);
			runOnlyForDeploymentPostprocessing = 0;
		};
		76EA74A920F817F200CD774B /* Resources */ = {
			isa = PBXResourcesBuildPhase;
			buildActionMask = 2147483647;
			files = (
			);
			runOnlyForDeploymentPostprocessing = 0;
		};
/* End PBXResourcesBuildPhase section */

/* Begin PBXSourcesBuildPhase section */
		76B8D22E20D1CE250074E71E /* Sources */ = {
			isa = PBXSourcesBuildPhase;
			buildActionMask = 2147483647;
			files = (
				76EA74C920F8E61F00CD774B /* UIButton Border Extension.swift in Sources */,
				767820F520D6DA3E00EB678B /* TransposeTableViewController.swift in Sources */,
				76BB9A6F20D6D41E00E53CE8 /* String Transposition Extensions.swift in Sources */,
				5278A41F20FC413E00177B0C /* KeyPickerTableViewController.swift in Sources */,
				76B8D23820D1CE250074E71E /* ViewController.swift in Sources */,
				765ED5DD20D1CFB7007ACCA5 /* Test and Old Stuff.swift in Sources */,
				76B861F020F139E3004EED26 /* Song.swift in Sources */,
				765ED5DA20D1CFB7007ACCA5 /* Key.swift in Sources */,
				76B8D23620D1CE250074E71E /* AppDelegate.swift in Sources */,
				765ED5D420D1CFB7007ACCA5 /* Music.swift in Sources */,
				765ED5D720D1CFB7007ACCA5 /* Note.swift in Sources */,
				765ED62920D43764007ACCA5 /* Chord.swift in Sources */,
				76EA74CC20F9670E00CD774B /* KeyButton.swift in Sources */,
				76EA74C720F8E2FB00CD774B /* KeyPickerViewController.swift in Sources */,
				76B861F220F13A31004EED26 /* MusicText.swift in Sources */,
			);
			runOnlyForDeploymentPostprocessing = 0;
		};
		76B8D24220D1CE260074E71E /* Sources */ = {
			isa = PBXSourcesBuildPhase;
			buildActionMask = 2147483647;
			files = (
				76BB9A6D20D6D2E400E53CE8 /* StringTranspositionTests.swift in Sources */,
				766BBA6B20F29E27001566B1 /* LargeStringTranspoTests.swift in Sources */,
				76B8D24B20D1CE260074E71E /* TransposerTests.swift in Sources */,
				765ED62A20D43764007ACCA5 /* Chord.swift in Sources */,
				765ED5DB20D1CFB7007ACCA5 /* Key.swift in Sources */,
				765ED5D520D1CFB7007ACCA5 /* Music.swift in Sources */,
				765ED5D820D1CFB7007ACCA5 /* Note.swift in Sources */,
				76A8178920FD885100BD1EF1 /* PickerUnitTests.swift in Sources */,
				76EA74C220F8240200CD774B /* Subcomponents tests.swift in Sources */,
				768DE25920FE3BD700A71097 /* BigStringTests.swift in Sources */,
			);
			runOnlyForDeploymentPostprocessing = 0;
		};
		76B8D24D20D1CE260074E71E /* Sources */ = {
			isa = PBXSourcesBuildPhase;
			buildActionMask = 2147483647;
			files = (
				76B8D25620D1CE260074E71E /* TransposerUITests.swift in Sources */,
				765ED62B20D43764007ACCA5 /* Chord.swift in Sources */,
				765ED5DC20D1CFB7007ACCA5 /* Key.swift in Sources */,
				76EA74C420F8E22D00CD774B /* KeyPickerScreenUITests.swift in Sources */,
				765ED5D620D1CFB7007ACCA5 /* Music.swift in Sources */,
				765ED5D920D1CFB7007ACCA5 /* Note.swift in Sources */,
			);
			runOnlyForDeploymentPostprocessing = 0;
		};
		76EA749E20F817F200CD774B /* Sources */ = {
			isa = PBXSourcesBuildPhase;
			buildActionMask = 2147483647;
			files = (
				76EA74C020F8184900CD774B /* Song.swift in Sources */,
				76EA74BF20F8184900CD774B /* String Transposition Extensions.swift in Sources */,
				76EA74BB20F8184900CD774B /* MusicText.swift in Sources */,
				76EA74BE20F8184900CD774B /* Chord.swift in Sources */,
				76EA74BD20F8184900CD774B /* Key.swift in Sources */,
				76EA74BA20F8184900CD774B /* Music.swift in Sources */,
				76EA74BC20F8184900CD774B /* Note.swift in Sources */,
			);
			runOnlyForDeploymentPostprocessing = 0;
		};
		76EA74A720F817F200CD774B /* Sources */ = {
			isa = PBXSourcesBuildPhase;
			buildActionMask = 2147483647;
			files = (
				76EA74B120F817F200CD774B /* MusicFrameworkTests.swift in Sources */,
			);
			runOnlyForDeploymentPostprocessing = 0;
		};
/* End PBXSourcesBuildPhase section */

/* Begin PBXTargetDependency section */
		76B8D24820D1CE260074E71E /* PBXTargetDependency */ = {
			isa = PBXTargetDependency;
			target = 76B8D23120D1CE250074E71E /* Transposer */;
			targetProxy = 76B8D24720D1CE260074E71E /* PBXContainerItemProxy */;
		};
		76B8D25320D1CE260074E71E /* PBXTargetDependency */ = {
			isa = PBXTargetDependency;
			target = 76B8D23120D1CE250074E71E /* Transposer */;
			targetProxy = 76B8D25220D1CE260074E71E /* PBXContainerItemProxy */;
		};
		76EA74AE20F817F200CD774B /* PBXTargetDependency */ = {
			isa = PBXTargetDependency;
			target = 76EA74A220F817F200CD774B /* MusicFramework */;
			targetProxy = 76EA74AD20F817F200CD774B /* PBXContainerItemProxy */;
		};
/* End PBXTargetDependency section */

/* Begin PBXVariantGroup section */
		76B8D23920D1CE250074E71E /* Main.storyboard */ = {
			isa = PBXVariantGroup;
			children = (
				76B8D23A20D1CE250074E71E /* Base */,
			);
			name = Main.storyboard;
			sourceTree = "<group>";
		};
		76B8D23E20D1CE260074E71E /* LaunchScreen.storyboard */ = {
			isa = PBXVariantGroup;
			children = (
				76B8D23F20D1CE260074E71E /* Base */,
			);
			name = LaunchScreen.storyboard;
			sourceTree = "<group>";
		};
/* End PBXVariantGroup section */

/* Begin XCBuildConfiguration section */
		76B8D25820D1CE260074E71E /* Debug */ = {
			isa = XCBuildConfiguration;
			buildSettings = {
				ALWAYS_SEARCH_USER_PATHS = NO;
				CLANG_ANALYZER_NONNULL = YES;
				CLANG_ANALYZER_NUMBER_OBJECT_CONVERSION = YES_AGGRESSIVE;
				CLANG_CXX_LANGUAGE_STANDARD = "gnu++14";
				CLANG_CXX_LIBRARY = "libc++";
				CLANG_ENABLE_MODULES = YES;
				CLANG_ENABLE_OBJC_ARC = YES;
				CLANG_ENABLE_OBJC_WEAK = YES;
				CLANG_WARN_BLOCK_CAPTURE_AUTORELEASING = YES;
				CLANG_WARN_BOOL_CONVERSION = YES;
				CLANG_WARN_COMMA = YES;
				CLANG_WARN_CONSTANT_CONVERSION = YES;
				CLANG_WARN_DEPRECATED_OBJC_IMPLEMENTATIONS = YES;
				CLANG_WARN_DIRECT_OBJC_ISA_USAGE = YES_ERROR;
				CLANG_WARN_DOCUMENTATION_COMMENTS = YES;
				CLANG_WARN_EMPTY_BODY = YES;
				CLANG_WARN_ENUM_CONVERSION = YES;
				CLANG_WARN_INFINITE_RECURSION = YES;
				CLANG_WARN_INT_CONVERSION = YES;
				CLANG_WARN_NON_LITERAL_NULL_CONVERSION = YES;
				CLANG_WARN_OBJC_IMPLICIT_RETAIN_SELF = YES;
				CLANG_WARN_OBJC_LITERAL_CONVERSION = YES;
				CLANG_WARN_OBJC_ROOT_CLASS = YES_ERROR;
				CLANG_WARN_RANGE_LOOP_ANALYSIS = YES;
				CLANG_WARN_STRICT_PROTOTYPES = YES;
				CLANG_WARN_SUSPICIOUS_MOVE = YES;
				CLANG_WARN_UNGUARDED_AVAILABILITY = YES_AGGRESSIVE;
				CLANG_WARN_UNREACHABLE_CODE = YES;
				CLANG_WARN__DUPLICATE_METHOD_MATCH = YES;
				CODE_SIGN_IDENTITY = "iPhone Developer";
				COPY_PHASE_STRIP = NO;
				DEBUG_INFORMATION_FORMAT = dwarf;
				ENABLE_STRICT_OBJC_MSGSEND = YES;
				ENABLE_TESTABILITY = YES;
				GCC_C_LANGUAGE_STANDARD = gnu11;
				GCC_DYNAMIC_NO_PIC = NO;
				GCC_NO_COMMON_BLOCKS = YES;
				GCC_OPTIMIZATION_LEVEL = 0;
				GCC_PREPROCESSOR_DEFINITIONS = (
					"DEBUG=1",
					"$(inherited)",
				);
				GCC_WARN_64_TO_32_BIT_CONVERSION = YES;
				GCC_WARN_ABOUT_RETURN_TYPE = YES_ERROR;
				GCC_WARN_UNDECLARED_SELECTOR = YES;
				GCC_WARN_UNINITIALIZED_AUTOS = YES_AGGRESSIVE;
				GCC_WARN_UNUSED_FUNCTION = YES;
				GCC_WARN_UNUSED_VARIABLE = YES;
				IPHONEOS_DEPLOYMENT_TARGET = 11.4;
				MTL_ENABLE_DEBUG_INFO = YES;
				ONLY_ACTIVE_ARCH = YES;
				SDKROOT = iphoneos;
				SWIFT_ACTIVE_COMPILATION_CONDITIONS = DEBUG;
				SWIFT_OPTIMIZATION_LEVEL = "-Onone";
			};
			name = Debug;
		};
		76B8D25920D1CE260074E71E /* Release */ = {
			isa = XCBuildConfiguration;
			buildSettings = {
				ALWAYS_SEARCH_USER_PATHS = NO;
				CLANG_ANALYZER_NONNULL = YES;
				CLANG_ANALYZER_NUMBER_OBJECT_CONVERSION = YES_AGGRESSIVE;
				CLANG_CXX_LANGUAGE_STANDARD = "gnu++14";
				CLANG_CXX_LIBRARY = "libc++";
				CLANG_ENABLE_MODULES = YES;
				CLANG_ENABLE_OBJC_ARC = YES;
				CLANG_ENABLE_OBJC_WEAK = YES;
				CLANG_WARN_BLOCK_CAPTURE_AUTORELEASING = YES;
				CLANG_WARN_BOOL_CONVERSION = YES;
				CLANG_WARN_COMMA = YES;
				CLANG_WARN_CONSTANT_CONVERSION = YES;
				CLANG_WARN_DEPRECATED_OBJC_IMPLEMENTATIONS = YES;
				CLANG_WARN_DIRECT_OBJC_ISA_USAGE = YES_ERROR;
				CLANG_WARN_DOCUMENTATION_COMMENTS = YES;
				CLANG_WARN_EMPTY_BODY = YES;
				CLANG_WARN_ENUM_CONVERSION = YES;
				CLANG_WARN_INFINITE_RECURSION = YES;
				CLANG_WARN_INT_CONVERSION = YES;
				CLANG_WARN_NON_LITERAL_NULL_CONVERSION = YES;
				CLANG_WARN_OBJC_IMPLICIT_RETAIN_SELF = YES;
				CLANG_WARN_OBJC_LITERAL_CONVERSION = YES;
				CLANG_WARN_OBJC_ROOT_CLASS = YES_ERROR;
				CLANG_WARN_RANGE_LOOP_ANALYSIS = YES;
				CLANG_WARN_STRICT_PROTOTYPES = YES;
				CLANG_WARN_SUSPICIOUS_MOVE = YES;
				CLANG_WARN_UNGUARDED_AVAILABILITY = YES_AGGRESSIVE;
				CLANG_WARN_UNREACHABLE_CODE = YES;
				CLANG_WARN__DUPLICATE_METHOD_MATCH = YES;
				CODE_SIGN_IDENTITY = "iPhone Developer";
				COPY_PHASE_STRIP = NO;
				DEBUG_INFORMATION_FORMAT = "dwarf-with-dsym";
				ENABLE_NS_ASSERTIONS = NO;
				ENABLE_STRICT_OBJC_MSGSEND = YES;
				GCC_C_LANGUAGE_STANDARD = gnu11;
				GCC_NO_COMMON_BLOCKS = YES;
				GCC_WARN_64_TO_32_BIT_CONVERSION = YES;
				GCC_WARN_ABOUT_RETURN_TYPE = YES_ERROR;
				GCC_WARN_UNDECLARED_SELECTOR = YES;
				GCC_WARN_UNINITIALIZED_AUTOS = YES_AGGRESSIVE;
				GCC_WARN_UNUSED_FUNCTION = YES;
				GCC_WARN_UNUSED_VARIABLE = YES;
				IPHONEOS_DEPLOYMENT_TARGET = 11.4;
				MTL_ENABLE_DEBUG_INFO = NO;
				SDKROOT = iphoneos;
				SWIFT_COMPILATION_MODE = wholemodule;
				SWIFT_OPTIMIZATION_LEVEL = "-O";
				VALIDATE_PRODUCT = YES;
			};
			name = Release;
		};
		76B8D25B20D1CE260074E71E /* Debug */ = {
			isa = XCBuildConfiguration;
			buildSettings = {
				ASSETCATALOG_COMPILER_APPICON_NAME = AppIcon;
				CODE_SIGN_STYLE = Automatic;
				DEVELOPMENT_TEAM = MS76ZC84AE;
				INFOPLIST_FILE = Transposer/Info.plist;
				LD_RUNPATH_SEARCH_PATHS = (
					"$(inherited)",
					"@executable_path/Frameworks",
				);
				PRODUCT_BUNDLE_IDENTIFIER = tuzmusic.Transposer;
				PRODUCT_NAME = "$(TARGET_NAME)";
				SWIFT_VERSION = 4.0;
				TARGETED_DEVICE_FAMILY = "1,2";
			};
			name = Debug;
		};
		76B8D25C20D1CE260074E71E /* Release */ = {
			isa = XCBuildConfiguration;
			buildSettings = {
				ASSETCATALOG_COMPILER_APPICON_NAME = AppIcon;
				CODE_SIGN_STYLE = Automatic;
				DEVELOPMENT_TEAM = MS76ZC84AE;
				INFOPLIST_FILE = Transposer/Info.plist;
				LD_RUNPATH_SEARCH_PATHS = (
					"$(inherited)",
					"@executable_path/Frameworks",
				);
				PRODUCT_BUNDLE_IDENTIFIER = tuzmusic.Transposer;
				PRODUCT_NAME = "$(TARGET_NAME)";
				SWIFT_VERSION = 4.0;
				TARGETED_DEVICE_FAMILY = "1,2";
			};
			name = Release;
		};
		76B8D25E20D1CE260074E71E /* Debug */ = {
			isa = XCBuildConfiguration;
			buildSettings = {
				ALWAYS_EMBED_SWIFT_STANDARD_LIBRARIES = YES;
				BUNDLE_LOADER = "$(TEST_HOST)";
				CODE_SIGN_STYLE = Automatic;
				DEVELOPMENT_TEAM = MS76ZC84AE;
				INFOPLIST_FILE = TransposerTests/Info.plist;
				LD_RUNPATH_SEARCH_PATHS = (
					"$(inherited)",
					"@executable_path/Frameworks",
					"@loader_path/Frameworks",
				);
				PRODUCT_BUNDLE_IDENTIFIER = tuzmusic.TransposerTests;
				PRODUCT_NAME = "$(TARGET_NAME)";
				SWIFT_VERSION = 4.0;
				TARGETED_DEVICE_FAMILY = "1,2";
				TEST_HOST = "$(BUILT_PRODUCTS_DIR)/Transposer.app/Transposer";
			};
			name = Debug;
		};
		76B8D25F20D1CE260074E71E /* Release */ = {
			isa = XCBuildConfiguration;
			buildSettings = {
				ALWAYS_EMBED_SWIFT_STANDARD_LIBRARIES = YES;
				BUNDLE_LOADER = "$(TEST_HOST)";
				CODE_SIGN_STYLE = Automatic;
				DEVELOPMENT_TEAM = MS76ZC84AE;
				INFOPLIST_FILE = TransposerTests/Info.plist;
				LD_RUNPATH_SEARCH_PATHS = (
					"$(inherited)",
					"@executable_path/Frameworks",
					"@loader_path/Frameworks",
				);
				PRODUCT_BUNDLE_IDENTIFIER = tuzmusic.TransposerTests;
				PRODUCT_NAME = "$(TARGET_NAME)";
				SWIFT_VERSION = 4.0;
				TARGETED_DEVICE_FAMILY = "1,2";
				TEST_HOST = "$(BUILT_PRODUCTS_DIR)/Transposer.app/Transposer";
			};
			name = Release;
		};
		76B8D26120D1CE260074E71E /* Debug */ = {
			isa = XCBuildConfiguration;
			buildSettings = {
				ALWAYS_EMBED_SWIFT_STANDARD_LIBRARIES = YES;
				CODE_SIGN_STYLE = Automatic;
				DEVELOPMENT_TEAM = MS76ZC84AE;
				INFOPLIST_FILE = TransposerUITests/Info.plist;
				LD_RUNPATH_SEARCH_PATHS = (
					"$(inherited)",
					"@executable_path/Frameworks",
					"@loader_path/Frameworks",
				);
				PRODUCT_BUNDLE_IDENTIFIER = tuzmusic.TransposerUITests;
				PRODUCT_NAME = "$(TARGET_NAME)";
				SWIFT_VERSION = 4.0;
				TARGETED_DEVICE_FAMILY = "1,2";
				TEST_TARGET_NAME = Transposer;
			};
			name = Debug;
		};
		76B8D26220D1CE260074E71E /* Release */ = {
			isa = XCBuildConfiguration;
			buildSettings = {
				ALWAYS_EMBED_SWIFT_STANDARD_LIBRARIES = YES;
				CODE_SIGN_STYLE = Automatic;
				DEVELOPMENT_TEAM = MS76ZC84AE;
				INFOPLIST_FILE = TransposerUITests/Info.plist;
				LD_RUNPATH_SEARCH_PATHS = (
					"$(inherited)",
					"@executable_path/Frameworks",
					"@loader_path/Frameworks",
				);
				PRODUCT_BUNDLE_IDENTIFIER = tuzmusic.TransposerUITests;
				PRODUCT_NAME = "$(TARGET_NAME)";
				SWIFT_VERSION = 4.0;
				TARGETED_DEVICE_FAMILY = "1,2";
				TEST_TARGET_NAME = Transposer;
			};
			name = Release;
		};
		76EA74B520F817F200CD774B /* Debug */ = {
			isa = XCBuildConfiguration;
			buildSettings = {
				CODE_SIGN_IDENTITY = "";
				CODE_SIGN_STYLE = Automatic;
				CURRENT_PROJECT_VERSION = 1;
				DEFINES_MODULE = YES;
				DEVELOPMENT_TEAM = MS76ZC84AE;
				DYLIB_COMPATIBILITY_VERSION = 1;
				DYLIB_CURRENT_VERSION = 1;
				DYLIB_INSTALL_NAME_BASE = "@rpath";
				INFOPLIST_FILE = MusicFramework/Info.plist;
				INSTALL_PATH = "$(LOCAL_LIBRARY_DIR)/Frameworks";
				LD_RUNPATH_SEARCH_PATHS = (
					"$(inherited)",
					"@executable_path/Frameworks",
					"@loader_path/Frameworks",
				);
				PRODUCT_BUNDLE_IDENTIFIER = tuzmusic.MusicFramework;
				PRODUCT_NAME = "$(TARGET_NAME:c99extidentifier)";
				SKIP_INSTALL = YES;
				SWIFT_VERSION = 4.0;
				TARGETED_DEVICE_FAMILY = "1,2";
				VERSIONING_SYSTEM = "apple-generic";
				VERSION_INFO_PREFIX = "";
			};
			name = Debug;
		};
		76EA74B620F817F200CD774B /* Release */ = {
			isa = XCBuildConfiguration;
			buildSettings = {
				CODE_SIGN_IDENTITY = "";
				CODE_SIGN_STYLE = Automatic;
				CURRENT_PROJECT_VERSION = 1;
				DEFINES_MODULE = YES;
				DEVELOPMENT_TEAM = MS76ZC84AE;
				DYLIB_COMPATIBILITY_VERSION = 1;
				DYLIB_CURRENT_VERSION = 1;
				DYLIB_INSTALL_NAME_BASE = "@rpath";
				INFOPLIST_FILE = MusicFramework/Info.plist;
				INSTALL_PATH = "$(LOCAL_LIBRARY_DIR)/Frameworks";
				LD_RUNPATH_SEARCH_PATHS = (
					"$(inherited)",
					"@executable_path/Frameworks",
					"@loader_path/Frameworks",
				);
				PRODUCT_BUNDLE_IDENTIFIER = tuzmusic.MusicFramework;
				PRODUCT_NAME = "$(TARGET_NAME:c99extidentifier)";
				SKIP_INSTALL = YES;
				SWIFT_VERSION = 4.0;
				TARGETED_DEVICE_FAMILY = "1,2";
				VERSIONING_SYSTEM = "apple-generic";
				VERSION_INFO_PREFIX = "";
			};
			name = Release;
		};
		76EA74B820F817F200CD774B /* Debug */ = {
			isa = XCBuildConfiguration;
			buildSettings = {
				ALWAYS_EMBED_SWIFT_STANDARD_LIBRARIES = YES;
				CODE_SIGN_STYLE = Automatic;
				DEVELOPMENT_TEAM = MS76ZC84AE;
				INFOPLIST_FILE = MusicFrameworkTests/Info.plist;
				LD_RUNPATH_SEARCH_PATHS = (
					"$(inherited)",
					"@executable_path/Frameworks",
					"@loader_path/Frameworks",
				);
				PRODUCT_BUNDLE_IDENTIFIER = tuzmusic.MusicFrameworkTests;
				PRODUCT_NAME = "$(TARGET_NAME)";
				SWIFT_VERSION = 4.0;
				TARGETED_DEVICE_FAMILY = "1,2";
			};
			name = Debug;
		};
		76EA74B920F817F200CD774B /* Release */ = {
			isa = XCBuildConfiguration;
			buildSettings = {
				ALWAYS_EMBED_SWIFT_STANDARD_LIBRARIES = YES;
				CODE_SIGN_STYLE = Automatic;
				DEVELOPMENT_TEAM = MS76ZC84AE;
				INFOPLIST_FILE = MusicFrameworkTests/Info.plist;
				LD_RUNPATH_SEARCH_PATHS = (
					"$(inherited)",
					"@executable_path/Frameworks",
					"@loader_path/Frameworks",
				);
				PRODUCT_BUNDLE_IDENTIFIER = tuzmusic.MusicFrameworkTests;
				PRODUCT_NAME = "$(TARGET_NAME)";
				SWIFT_VERSION = 4.0;
				TARGETED_DEVICE_FAMILY = "1,2";
			};
			name = Release;
		};
/* End XCBuildConfiguration section */

/* Begin XCConfigurationList section */
		76B8D22D20D1CE250074E71E /* Build configuration list for PBXProject "Transposer" */ = {
			isa = XCConfigurationList;
			buildConfigurations = (
				76B8D25820D1CE260074E71E /* Debug */,
				76B8D25920D1CE260074E71E /* Release */,
			);
			defaultConfigurationIsVisible = 0;
			defaultConfigurationName = Release;
		};
		76B8D25A20D1CE260074E71E /* Build configuration list for PBXNativeTarget "Transposer" */ = {
			isa = XCConfigurationList;
			buildConfigurations = (
				76B8D25B20D1CE260074E71E /* Debug */,
				76B8D25C20D1CE260074E71E /* Release */,
			);
			defaultConfigurationIsVisible = 0;
			defaultConfigurationName = Release;
		};
		76B8D25D20D1CE260074E71E /* Build configuration list for PBXNativeTarget "TransposerTests" */ = {
			isa = XCConfigurationList;
			buildConfigurations = (
				76B8D25E20D1CE260074E71E /* Debug */,
				76B8D25F20D1CE260074E71E /* Release */,
			);
			defaultConfigurationIsVisible = 0;
			defaultConfigurationName = Release;
		};
		76B8D26020D1CE260074E71E /* Build configuration list for PBXNativeTarget "TransposerUITests" */ = {
			isa = XCConfigurationList;
			buildConfigurations = (
				76B8D26120D1CE260074E71E /* Debug */,
				76B8D26220D1CE260074E71E /* Release */,
			);
			defaultConfigurationIsVisible = 0;
			defaultConfigurationName = Release;
		};
		76EA74B420F817F200CD774B /* Build configuration list for PBXNativeTarget "MusicFramework" */ = {
			isa = XCConfigurationList;
			buildConfigurations = (
				76EA74B520F817F200CD774B /* Debug */,
				76EA74B620F817F200CD774B /* Release */,
			);
			defaultConfigurationIsVisible = 0;
			defaultConfigurationName = Release;
		};
		76EA74B720F817F200CD774B /* Build configuration list for PBXNativeTarget "MusicFrameworkTests" */ = {
			isa = XCConfigurationList;
			buildConfigurations = (
				76EA74B820F817F200CD774B /* Debug */,
				76EA74B920F817F200CD774B /* Release */,
			);
			defaultConfigurationIsVisible = 0;
			defaultConfigurationName = Release;
		};
/* End XCConfigurationList section */
	};
	rootObject = 76B8D22A20D1CE250074E71E /* Project object */;
}
